
Microsoft Visual Studio Solution File, Format Version 12.00
# Visual Studio 15
VisualStudioVersion = 15.0.26430.14
MinimumVisualStudioVersion = 10.0.40219.1
Project("{FAE04EC0-301F-11D3-BF4B-00C04F79EFBC}") = "GV.Common", "GV.Common\GV.Common.csproj", "{D085B64B-904A-4348-8651-249F2D7A626C}"
EndProject
Project("{FAE04EC0-301F-11D3-BF4B-00C04F79EFBC}") = "GV.Gateway", "GV.Gateway\GV.Gateway.csproj", "{49C3DA9B-FABC-4145-8106-EAFCD3B529D3}"
EndProject
Project("{FAE04EC0-301F-11D3-BF4B-00C04F79EFBC}") = "GV.Gateway.IpfsConnector", "GV.Gateway.IpfsConnector\GV.Gateway.IpfsConnector.csproj", "{D9C855D4-8A17-4944-98A2-386E6AC6C04B}"
EndProject
Global
	GlobalSection(SolutionConfigurationPlatforms) = preSolution
		Debug|Any CPU = Debug|Any CPU
		Release|Any CPU = Release|Any CPU
	EndGlobalSection
	GlobalSection(ProjectConfigurationPlatforms) = postSolution
		{D085B64B-904A-4348-8651-249F2D7A626C}.Debug|Any CPU.ActiveCfg = Debug|Any CPU
		{D085B64B-904A-4348-8651-249F2D7A626C}.Debug|Any CPU.Build.0 = Debug|Any CPU
		{D085B64B-904A-4348-8651-249F2D7A626C}.Release|Any CPU.ActiveCfg = Release|Any CPU
		{D085B64B-904A-4348-8651-249F2D7A626C}.Release|Any CPU.Build.0 = Release|Any CPU
		{49C3DA9B-FABC-4145-8106-EAFCD3B529D3}.Debug|Any CPU.ActiveCfg = Debug|Any CPU
		{49C3DA9B-FABC-4145-8106-EAFCD3B529D3}.Debug|Any CPU.Build.0 = Debug|Any CPU
		{49C3DA9B-FABC-4145-8106-EAFCD3B529D3}.Release|Any CPU.ActiveCfg = Release|Any CPU
		{49C3DA9B-FABC-4145-8106-EAFCD3B529D3}.Release|Any CPU.Build.0 = Release|Any CPU
		{D9C855D4-8A17-4944-98A2-386E6AC6C04B}.Debug|Any CPU.ActiveCfg = Debug|Any CPU
		{D9C855D4-8A17-4944-98A2-386E6AC6C04B}.Debug|Any CPU.Build.0 = Debug|Any CPU
		{D9C855D4-8A17-4944-98A2-386E6AC6C04B}.Release|Any CPU.ActiveCfg = Release|Any CPU
		{D9C855D4-8A17-4944-98A2-386E6AC6C04B}.Release|Any CPU.Build.0 = Release|Any CPU
	EndGlobalSection
	GlobalSection(SolutionProperties) = preSolution
		HideSolutionNode = FALSE
	EndGlobalSection
EndGlobal
